github.com/rwinkhart/peercred-mini v0.0.0-20250404044713-1210f107982e h1:92nHSYq+6yTAL9TcZIj3BK1wVGlQM3fMFzS7XQas0NY=
github.com/rwinkhart/peercred-mini v0.0.0-20250404044713-1210f107982e/go.mod h1:qQNodPR2mfp5bYMN4vm+c/6kk4xMjg5qJK5zTp3owFY=
golang.org/x/sys v0.31.0 h1:ioabZlmFYtWhL+TRYpcnNlLwhyxaM9kWTDEmfnprqik=
golang.org/x/sys v0.31.0/go.mod h1:BJP2sWEmIv4KK5OTEluFJCKSidICx8ciO85XgH3Ak8k=
